
Microsoft Visual Studio Solution File, Format Version 12.00
# Visual Studio Version 17
VisualStudioVersion = 17.8.34316.72
MinimumVisualStudioVersion = 10.0.40219.1
Project("{9A19103F-16F7-4668-BE54-9A1E7A4F7556}") = "DevFreela.API", "DevFreela.API\DevFreela.API.csproj", "{3F7D54B3-991E-40AB-B281-4AC156C7B67A}"
EndProject
Project("{9A19103F-16F7-4668-BE54-9A1E7A4F7556}") = "DevFreela.Application", "DevFreela.Application\DevFreela.Application.csproj", "{014852EF-BA4D-4D82-9152-7D79E1C39D9F}"
EndProject
Project("{9A19103F-16F7-4668-BE54-9A1E7A4F7556}") = "DevFreela.Core", "DevFreela.Core\DevFreela.Core.csproj", "{7ABFC831-EF02-4B0F-969B-4459E15095B7}"
EndProject
Project("{9A19103F-16F7-4668-BE54-9A1E7A4F7556}") = "DevFreela.Infrastructure", "DevFreela.Infrastructure\DevFreela.Infrastructure.csproj", "{DFA54CF7-80C7-4113-A715-DA6605445022}"
EndProject
Project("{FAE04EC0-301F-11D3-BF4B-00C04F79EFBC}") = "DevFreela.UnitTests", "DevFreela.UnitTests\DevFreela.UnitTests.csproj", "{66530B55-5D2B-4D19-ABDB-F59958FB44AC}"
EndProject
Global
	GlobalSection(SolutionConfigurationPlatforms) = preSolution
		Debug|Any CPU = Debug|Any CPU
		Release|Any CPU = Release|Any CPU
	EndGlobalSection
	GlobalSection(ProjectConfigurationPlatforms) = postSolution
		{3F7D54B3-991E-40AB-B281-4AC156C7B67A}.Debug|Any CPU.ActiveCfg = Debug|Any CPU
		{3F7D54B3-991E-40AB-B281-4AC156C7B67A}.Debug|Any CPU.Build.0 = Debug|Any CPU
		{3F7D54B3-991E-40AB-B281-4AC156C7B67A}.Release|Any CPU.ActiveCfg = Release|Any CPU
		{3F7D54B3-991E-40AB-B281-4AC156C7B67A}.Release|Any CPU.Build.0 = Release|Any CPU
		{014852EF-BA4D-4D82-9152-7D79E1C39D9F}.Debug|Any CPU.ActiveCfg = Debug|Any CPU
		{014852EF-BA4D-4D82-9152-7D79E1C39D9F}.Debug|Any CPU.Build.0 = Debug|Any CPU
		{014852EF-BA4D-4D82-9152-7D79E1C39D9F}.Release|Any CPU.ActiveCfg = Release|Any CPU
		{014852EF-BA4D-4D82-9152-7D79E1C39D9F}.Release|Any CPU.Build.0 = Release|Any CPU
		{7ABFC831-EF02-4B0F-969B-4459E15095B7}.Debug|Any CPU.ActiveCfg = Debug|Any CPU
		{7ABFC831-EF02-4B0F-969B-4459E15095B7}.Debug|Any CPU.Build.0 = Debug|Any CPU
		{7ABFC831-EF02-4B0F-969B-4459E15095B7}.Release|Any CPU.ActiveCfg = Release|Any CPU
		{7ABFC831-EF02-4B0F-969B-4459E15095B7}.Release|Any CPU.Build.0 = Release|Any CPU
		{DFA54CF7-80C7-4113-A715-DA6605445022}.Debug|Any CPU.ActiveCfg = Debug|Any CPU
		{DFA54CF7-80C7-4113-A715-DA6605445022}.Debug|Any CPU.Build.0 = Debug|Any CPU
		{DFA54CF7-80C7-4113-A715-DA6605445022}.Release|Any CPU.ActiveCfg = Release|Any CPU
		{DFA54CF7-80C7-4113-A715-DA6605445022}.Release|Any CPU.Build.0 = Release|Any CPU
		{66530B55-5D2B-4D19-ABDB-F59958FB44AC}.Debug|Any CPU.ActiveCfg = Debug|Any CPU
		{66530B55-5D2B-4D19-ABDB-F59958FB44AC}.Debug|Any CPU.Build.0 = Debug|Any CPU
		{66530B55-5D2B-4D19-ABDB-F59958FB44AC}.Release|Any CPU.ActiveCfg = Release|Any CPU
		{66530B55-5D2B-4D19-ABDB-F59958FB44AC}.Release|Any CPU.Build.0 = Release|Any CPU
	EndGlobalSection
	GlobalSection(SolutionProperties) = preSolution
		HideSolutionNode = FALSE
	EndGlobalSection
	GlobalSection(ExtensibilityGlobals) = postSolution
		SolutionGuid = {47D57C3C-95A0-492A-8015-802F40F55373}
	EndGlobalSection
EndGlobal
